<?xml version="1.0" encoding="utf-8"?>
<Project ToolsVersion="4.0" xmlns="http://schemas.microsoft.com/developer/msbuild/2003">
  <ItemGroup>
    <Filter Include="源文件">
      <UniqueIdentifier>{4FC737F1-C7A5-4376-A066-2A32D752A2FF}</UniqueIdentifier>
      <Extensions>cpp;c;cc;cxx;c++;cppm;ixx;def;odl;idl;hpj;bat;asm;asmx</Extensions>
    </Filter>
    <Filter Include="头文件">
      <UniqueIdentifier>{93995380-89BD-4b04-88EB-625FBE52EBFB}</UniqueIdentifier>
      <Extensions>h;hh;hpp;hxx;h++;hm;inl;inc;ipp;xsd</Extensions>
    </Filter>
    <Filter Include="资源文件">
      <UniqueIdentifier>{67DA6AB6-F800-4c08-8B7A-83BB121AAD01}</UniqueIdentifier>
      <Extensions>rc;ico;cur;bmp;dlg;rc2;rct;bin;rgs;gif;jpg;jpeg;jpe;resx;tiff;tif;png;wav;mfcribbon-ms</Extensions>
    </Filter>
    <Filter Include="源文件\1.C++初识">
      <UniqueIdentifier>{476d3a85-1b04-47a3-b160-647947a2f2bc}</UniqueIdentifier>
    </Filter>
    <Filter Include="源文件\2.数据类型">
      <UniqueIdentifier>{3034cefe-1c31-4e80-9228-f863c80bd8c1}</UniqueIdentifier>
    </Filter>
    <Filter Include="源文件\3.运算符">
      <UniqueIdentifier>{27c81277-194c-4056-a87f-bf0c71286189}</UniqueIdentifier>
    </Filter>
    <Filter Include="源文件\4.程序流程结构">
      <UniqueIdentifier>{0e4174da-3535-432e-aa27-fd6429efdac0}</UniqueIdentifier>
    </Filter>
    <Filter Include="源文件\5.数组">
      <UniqueIdentifier>{64cb1639-0a86-41da-84a8-078841e76053}</UniqueIdentifier>
    </Filter>
    <Filter Include="源文件\6.函数">
      <UniqueIdentifier>{e3207e9e-1822-4527-9f15-febc04061e60}</UniqueIdentifier>
    </Filter>
    <Filter Include="源文件\6.函数\6.7函数的分文件编写">
      <UniqueIdentifier>{8d754de3-615b-4d60-89b4-3ce900c212c9}</UniqueIdentifier>
    </Filter>
    <Filter Include="源文件\7.指针">
      <UniqueIdentifier>{70685370-bed3-4f57-93ed-f0e217a08b85}</UniqueIdentifier>
    </Filter>
    <Filter Include="源文件\8.结构体">
      <UniqueIdentifier>{24eb2336-b2ff-4800-a0ef-cb180fba1350}</UniqueIdentifier>
    </Filter>
    <Filter Include="源文件\9.通讯录管理系统案例">
      <UniqueIdentifier>{1192793b-98ad-49d0-b168-21f77a2f3cf6}</UniqueIdentifier>
    </Filter>
    <Filter Include="源文件\10.程序的内存模型">
      <UniqueIdentifier>{acbce601-1cdc-4d2e-8cc8-7868663e9b5a}</UniqueIdentifier>
    </Filter>
    <Filter Include="源文件\10.程序的内存模型\10.1内存四区">
      <UniqueIdentifier>{2f9017a6-ef50-409b-b870-536f4458085a}</UniqueIdentifier>
    </Filter>
    <Filter Include="源文件\10.程序的内存模型\10.1内存四区\10.1.1程序运行前的分区">
      <UniqueIdentifier>{abbc43a9-1356-4c70-ba17-69f62c3aab72}</UniqueIdentifier>
    </Filter>
    <Filter Include="源文件\10.程序的内存模型\10.1内存四区\10.1.2程序运行后的分区">
      <UniqueIdentifier>{5ee2c540-d049-48b7-a6e7-52c05120d1bc}</UniqueIdentifier>
    </Filter>
    <Filter Include="源文件\11.引用">
      <UniqueIdentifier>{bb36d15a-5377-42e1-a90c-06ad106c5edf}</UniqueIdentifier>
    </Filter>
    <Filter Include="源文件\12.函数高级">
      <UniqueIdentifier>{85ad3ba1-a477-49ca-ad95-edd0b151911a}</UniqueIdentifier>
    </Filter>
    <Filter Include="源文件\13.类和对象">
      <UniqueIdentifier>{096df14c-8487-4e49-ac24-69ea41c0d70e}</UniqueIdentifier>
    </Filter>
    <Filter Include="源文件\13.类和对象\13.1封装">
      <UniqueIdentifier>{3a48b1c4-1a39-48d1-a887-a30e0540c43f}</UniqueIdentifier>
    </Filter>
    <Filter Include="源文件\13.类和对象\13.1封装\13.1.7案例2：点和圆的关系 分文件">
      <UniqueIdentifier>{d77ec9a8-e6fc-4d97-a3f2-d31efb23b0f6}</UniqueIdentifier>
    </Filter>
    <Filter Include="头文件\13.1.7封装_设计案例2_点和圆的关系">
      <UniqueIdentifier>{f04866bb-e302-472a-8932-d1fe9ab98af7}</UniqueIdentifier>
    </Filter>
    <Filter Include="源文件\13.类和对象\13.3C++对象模型和this指针">
      <UniqueIdentifier>{79f43b23-68b9-4330-a5eb-33cefa8311c0}</UniqueIdentifier>
    </Filter>
    <Filter Include="源文件\13.类和对象\13.2对象的初始化和清理">
      <UniqueIdentifier>{87ae4c6e-f18a-4a9f-80b0-c6067184337d}</UniqueIdentifier>
    </Filter>
    <Filter Include="源文件\13.类和对象\13.4友元">
      <UniqueIdentifier>{48dacda6-c119-4ef9-ac29-25b188130f1e}</UniqueIdentifier>
    </Filter>
    <Filter Include="源文件\13.类和对象\13.5运算符重载">
      <UniqueIdentifier>{9b591d4b-3e39-4117-a35c-cad77b46a591}</UniqueIdentifier>
    </Filter>
    <Filter Include="源文件\13.类和对象\13.6继承">
      <UniqueIdentifier>{9f654bbf-6814-475f-9b3d-a9bd3e99dce1}</UniqueIdentifier>
    </Filter>
    <Filter Include="源文件\13.类和对象\13.7多态">
      <UniqueIdentifier>{a01f0cb6-b3fa-463a-a37c-e282952a9182}</UniqueIdentifier>
    </Filter>
    <Filter Include="源文件\13.类和对象\13.7多态\13.7.1多态的概念">
      <UniqueIdentifier>{d9bfc8b7-5d59-4537-99bc-8e4ea38b2aa8}</UniqueIdentifier>
    </Filter>
    <Filter Include="源文件\13.类和对象\13.7多态\13.7.2多态案例一-计算器类（存疑，用多态的方法计算结果不对）">
      <UniqueIdentifier>{aee1206e-3f56-40cd-be26-baf983571c90}</UniqueIdentifier>
    </Filter>
    <Filter Include="源文件\14.文件操作">
      <UniqueIdentifier>{6eb4bbbb-b027-4279-b31a-b02f12693341}</UniqueIdentifier>
    </Filter>
    <Filter Include="源文件\14.文件操作\14.1文本文件">
      <UniqueIdentifier>{1b201ab4-a885-4601-894b-673943c9e907}</UniqueIdentifier>
    </Filter>
    <Filter Include="源文件\15.职工管理系统">
      <UniqueIdentifier>{f81046b3-6447-4d31-8f40-da1eb780b04e}</UniqueIdentifier>
    </Filter>
    <Filter Include="源文件\课件">
      <UniqueIdentifier>{81053999-5321-4503-ac38-81981200fc04}</UniqueIdentifier>
    </Filter>
  </ItemGroup>
  <ItemGroup>
    <ClCompile Include="1.1第一个c++程序hello world.cpp">
      <Filter>源文件\1.C++初识</Filter>
    </ClCompile>
    <ClCompile Include="1.2注释.cpp">
      <Filter>源文件\1.C++初识</Filter>
    </ClCompile>
    <ClCompile Include="1.3变量.cpp">
      <Filter>源文件\1.C++初识</Filter>
    </ClCompile>
    <ClCompile Include="1.4常量.cpp">
      <Filter>源文件\1.C++初识</Filter>
    </ClCompile>
    <ClCompile Include="1.5关键字.cpp">
      <Filter>源文件\1.C++初识</Filter>
    </ClCompile>
    <ClCompile Include="1.6标识符命名规则.cpp">
      <Filter>源文件\1.C++初识</Filter>
    </ClCompile>
    <ClCompile Include="2.1整形.cpp">
      <Filter>源文件\2.数据类型</Filter>
    </ClCompile>
    <ClCompile Include="2.2sizeof关键字.cpp">
      <Filter>源文件\2.数据类型</Filter>
    </ClCompile>
    <ClCompile Include="2.3实型（浮点型）.cpp">
      <Filter>源文件\2.数据类型</Filter>
    </ClCompile>
    <ClCompile Include="2.4字符型.cpp">
      <Filter>源文件\2.数据类型</Filter>
    </ClCompile>
    <ClCompile Include="2.5转义字符.cpp">
      <Filter>源文件\2.数据类型</Filter>
    </ClCompile>
    <ClCompile Include="2.6字符串类型.cpp">
      <Filter>源文件\2.数据类型</Filter>
    </ClCompile>
    <ClCompile Include="2.7布尔类型bool.cpp">
      <Filter>源文件\2.数据类型</Filter>
    </ClCompile>
    <ClCompile Include="2.8数据的输入cin.cpp">
      <Filter>源文件\2.数据类型</Filter>
    </ClCompile>
    <ClCompile Include="3.2算数运算符-取模.cpp">
      <Filter>源文件\3.运算符</Filter>
    </ClCompile>
    <ClCompile Include="3.1算术运算符-加减乘除.cpp">
      <Filter>源文件\3.运算符</Filter>
    </ClCompile>
    <ClCompile Include="3.3算数运算符-自增自减.cpp">
      <Filter>源文件\3.运算符</Filter>
    </ClCompile>
    <ClCompile Include="3.4算术运算符-赋值运算符.cpp">
      <Filter>源文件\3.运算符</Filter>
    </ClCompile>
    <ClCompile Include="3.5算术运算符-比较运算符.cpp">
      <Filter>源文件\3.运算符</Filter>
    </ClCompile>
    <ClCompile Include="3.6逻辑运算符-非！.cpp">
      <Filter>源文件\3.运算符</Filter>
    </ClCompile>
    <ClCompile Include="3.7逻辑运算符-与.cpp">
      <Filter>源文件\3.运算符</Filter>
    </ClCompile>
    <ClCompile Include="3.8逻辑运算符-或.cpp">
      <Filter>源文件\3.运算符</Filter>
    </ClCompile>
    <ClCompile Include="4.2选择结构-多行if语句.cpp">
      <Filter>源文件\4.程序流程结构</Filter>
    </ClCompile>
    <ClCompile Include="4.3选择结构-多条件if语句.cpp">
      <Filter>源文件\4.程序流程结构</Filter>
    </ClCompile>
    <ClCompile Include="4.4选择结构-嵌套if语句.cpp">
      <Filter>源文件\4.程序流程结构</Filter>
    </ClCompile>
    <ClCompile Include="4.5实例：三只小猪称体重.cpp">
      <Filter>源文件\4.程序流程结构</Filter>
    </ClCompile>
    <ClCompile Include="4.6选择结构-三目运算符.cpp">
      <Filter>源文件\4.程序流程结构</Filter>
    </ClCompile>
    <ClCompile Include="4.7选择结构-switch语句.cpp">
      <Filter>源文件\4.程序流程结构</Filter>
    </ClCompile>
    <ClCompile Include="4.8循环结构-while循环.cpp">
      <Filter>源文件\4.程序流程结构</Filter>
    </ClCompile>
    <ClCompile Include="4.1选择结构-单行if语句.cpp">
      <Filter>源文件\4.程序流程结构</Filter>
    </ClCompile>
    <ClCompile Include="4.9while循环练习案例：猜数字.cpp">
      <Filter>源文件\4.程序流程结构</Filter>
    </ClCompile>
    <ClCompile Include="4.10do…while循环练习案例：水仙花数.cpp">
      <Filter>源文件\4.程序流程结构</Filter>
    </ClCompile>
    <ClCompile Include="4.11循环结构-for循环.cpp">
      <Filter>源文件\4.程序流程结构</Filter>
    </ClCompile>
    <ClCompile Include="4.12练习案例-敲桌子.cpp">
      <Filter>源文件\4.程序流程结构</Filter>
    </ClCompile>
    <ClCompile Include="4.13嵌套循环.cpp">
      <Filter>源文件\4.程序流程结构</Filter>
    </ClCompile>
    <ClCompile Include="4.14练习案例-乘法口诀表.cpp">
      <Filter>源文件\4.程序流程结构</Filter>
    </ClCompile>
    <ClCompile Include="4.15跳转语句-break.cpp">
      <Filter>源文件\4.程序流程结构</Filter>
    </ClCompile>
    <ClCompile Include="4.16跳转语句-continue.cpp">
      <Filter>源文件\4.程序流程结构</Filter>
    </ClCompile>
    <ClCompile Include="4.17跳转语句-goto.cpp">
      <Filter>源文件\4.程序流程结构</Filter>
    </ClCompile>
    <ClCompile Include="5.1一维数组的定义.cpp">
      <Filter>源文件\5.数组</Filter>
    </ClCompile>
    <ClCompile Include="5.2一维数组-数组名.cpp">
      <Filter>源文件\5.数组</Filter>
    </ClCompile>
    <ClCompile Include="5.3练习案例-五只小猪称体重.cpp">
      <Filter>源文件\5.数组</Filter>
    </ClCompile>
    <ClCompile Include="5.4练习案例-元素逆置.cpp">
      <Filter>源文件\5.数组</Filter>
    </ClCompile>
    <ClCompile Include="5.5冒泡排序.cpp">
      <Filter>源文件\5.数组</Filter>
    </ClCompile>
    <ClCompile Include="5.6二维数组-四种定义方式.cpp">
      <Filter>源文件\5.数组</Filter>
    </ClCompile>
    <ClCompile Include="5.7二维数组-数组名.cpp">
      <Filter>源文件\5.数组</Filter>
    </ClCompile>
    <ClCompile Include="模板.cpp">
      <Filter>源文件</Filter>
    </ClCompile>
    <ClCompile Include="5.8二维数组-考试成绩统计.cpp">
      <Filter>源文件\5.数组</Filter>
    </ClCompile>
    <ClCompile Include="6.1函数的定义.cpp">
      <Filter>源文件\6.函数</Filter>
    </ClCompile>
    <ClCompile Include="6.2函数的调用、实参与形参.cpp">
      <Filter>源文件\6.函数</Filter>
    </ClCompile>
    <ClCompile Include="6.3值传递.cpp">
      <Filter>源文件\6.函数</Filter>
    </ClCompile>
    <ClCompile Include="6.4函数的常见样式.cpp">
      <Filter>源文件\6.函数</Filter>
    </ClCompile>
    <ClCompile Include="6.5函数的声明.cpp">
      <Filter>源文件\6.函数</Filter>
    </ClCompile>
    <ClCompile Include="6.7函数的分文件编写.cpp">
      <Filter>源文件\6.函数\6.7函数的分文件编写</Filter>
    </ClCompile>
    <ClCompile Include="swap67.cpp">
      <Filter>源文件\6.函数\6.7函数的分文件编写</Filter>
    </ClCompile>
    <ClCompile Include="7.1指针的概念、定义和使用.cpp">
      <Filter>源文件\7.指针</Filter>
    </ClCompile>
    <ClCompile Include="7.2指针所占内存空间.cpp">
      <Filter>源文件\7.指针</Filter>
    </ClCompile>
    <ClCompile Include="7.3空指针.cpp">
      <Filter>源文件\7.指针</Filter>
    </ClCompile>
    <ClCompile Include="7.4野指针.cpp">
      <Filter>源文件\7.指针</Filter>
    </ClCompile>
    <ClCompile Include="7.5const修饰指针.cpp">
      <Filter>源文件\7.指针</Filter>
    </ClCompile>
    <ClCompile Include="7.6指针和数组.cpp">
      <Filter>源文件\7.指针</Filter>
    </ClCompile>
    <ClCompile Include="7.7指针和函数.cpp">
      <Filter>源文件\7.指针</Filter>
    </ClCompile>
    <ClCompile Include="7.8指针配合数组和函数案例.cpp">
      <Filter>源文件\7.指针</Filter>
    </ClCompile>
    <ClCompile Include="8.1结构体的定义和使用.cpp">
      <Filter>源文件\8.结构体</Filter>
    </ClCompile>
    <ClCompile Include="8.2结构体数组.cpp">
      <Filter>源文件\8.结构体</Filter>
    </ClCompile>
    <ClCompile Include="8.4结构体指针.cpp">
      <Filter>源文件\8.结构体</Filter>
    </ClCompile>
    <ClCompile Include="8.5结构体嵌套结构体.cpp">
      <Filter>源文件\8.结构体</Filter>
    </ClCompile>
    <ClCompile Include="8.6结构体做函数参数.cpp">
      <Filter>源文件\8.结构体</Filter>
    </ClCompile>
    <ClCompile Include="8.7结构体中const的使用场景.cpp">
      <Filter>源文件\8.结构体</Filter>
    </ClCompile>
    <ClCompile Include="8.8.1结构体案例1.cpp">
      <Filter>源文件\8.结构体</Filter>
    </ClCompile>
    <ClCompile Include="8.8.2结构体案例2.cpp">
      <Filter>源文件\8.结构体</Filter>
    </ClCompile>
    <ClCompile Include="9.1通讯录管理系统.cpp">
      <Filter>源文件\9.通讯录管理系统案例</Filter>
    </ClCompile>
    <ClCompile Include="10.1.1.1代码区.cpp">
      <Filter>源文件\10.程序的内存模型\10.1内存四区\10.1.1程序运行前的分区</Filter>
    </ClCompile>
    <ClCompile Include="10.1.1.2全局区.cpp">
      <Filter>源文件\10.程序的内存模型\10.1内存四区\10.1.1程序运行前的分区</Filter>
    </ClCompile>
    <ClCompile Include="10.1.2.1栈区.cpp">
      <Filter>源文件\10.程序的内存模型\10.1内存四区\10.1.2程序运行后的分区</Filter>
    </ClCompile>
    <ClCompile Include="10.1.2.2堆区.cpp">
      <Filter>源文件\10.程序的内存模型\10.1内存四区\10.1.2程序运行后的分区</Filter>
    </ClCompile>
    <ClCompile Include="10.1.3new操作符.cpp">
      <Filter>源文件\10.程序的内存模型\10.1内存四区</Filter>
    </ClCompile>
    <ClCompile Include="9.2通讯录管理系统练习.cpp">
      <Filter>源文件\9.通讯录管理系统案例</Filter>
    </ClCompile>
    <ClCompile Include="11.1引用的基本使用.cpp">
      <Filter>源文件\11.引用</Filter>
    </ClCompile>
    <ClCompile Include="11.2引用注意事项.cpp">
      <Filter>源文件\11.引用</Filter>
    </ClCompile>
    <ClCompile Include="11.3引用做函数参数.cpp">
      <Filter>源文件\11.引用</Filter>
    </ClCompile>
    <ClCompile Include="11.4引用做函数返回值.cpp">
      <Filter>源文件\11.引用</Filter>
    </ClCompile>
    <ClCompile Include="11.5引用的本质.cpp">
      <Filter>源文件\11.引用</Filter>
    </ClCompile>
    <ClCompile Include="11.6常量引用.cpp">
      <Filter>源文件\11.引用</Filter>
    </ClCompile>
    <ClCompile Include="12.1函数默认参数.cpp">
      <Filter>源文件\12.函数高级</Filter>
    </ClCompile>
    <ClCompile Include="12.2函数占位参数.cpp">
      <Filter>源文件\12.函数高级</Filter>
    </ClCompile>
    <ClCompile Include="12.3函数重载概述.cpp">
      <Filter>源文件\12.函数高级</Filter>
    </ClCompile>
    <ClCompile Include="12.4函数重载的注意事项.cpp">
      <Filter>源文件\12.函数高级</Filter>
    </ClCompile>
    <ClCompile Include="13.1.1属性和行为作为整体.cpp">
      <Filter>源文件\13.类和对象\13.1封装</Filter>
    </ClCompile>
    <ClCompile Include="13.1.2案例：设计学生类.cpp">
      <Filter>源文件\13.类和对象\13.1封装</Filter>
    </ClCompile>
    <ClCompile Include="13.1.3访问权限.cpp">
      <Filter>源文件\13.类和对象\13.1封装</Filter>
    </ClCompile>
    <ClCompile Include="13.1.4C++中class和struct的区别.cpp">
      <Filter>源文件\13.类和对象\13.1封装</Filter>
    </ClCompile>
    <ClCompile Include="13.1.5成员属性私有化.cpp">
      <Filter>源文件\13.类和对象\13.1封装</Filter>
    </ClCompile>
    <ClCompile Include="13.1.6案例1：立方体类.cpp">
      <Filter>源文件\13.类和对象\13.1封装</Filter>
    </ClCompile>
    <ClCompile Include="13.1.7案例2：点和圆的关系.cpp">
      <Filter>源文件\13.类和对象\13.1封装</Filter>
    </ClCompile>
    <ClCompile Include="13.1.7Circle.cpp">
      <Filter>源文件\13.类和对象\13.1封装\13.1.7案例2：点和圆的关系 分文件</Filter>
    </ClCompile>
    <ClCompile Include="13.3.1成员变量和成员函数分开存储.cpp">
      <Filter>源文件\13.类和对象\13.3C++对象模型和this指针</Filter>
    </ClCompile>
    <ClCompile Include="13.3.2this指针的用途.cpp">
      <Filter>源文件\13.类和对象\13.3C++对象模型和this指针</Filter>
    </ClCompile>
    <ClCompile Include="13.3.3空指针访问成员函数.cpp">
      <Filter>源文件\13.类和对象\13.3C++对象模型和this指针</Filter>
    </ClCompile>
    <ClCompile Include="13.3.4const修饰成员函数.cpp">
      <Filter>源文件\13.类和对象\13.3C++对象模型和this指针</Filter>
    </ClCompile>
    <ClCompile Include="13.2.2构造函数的分类以及调用.cpp">
      <Filter>源文件\13.类和对象\13.2对象的初始化和清理</Filter>
    </ClCompile>
    <ClCompile Include="13.2.3拷贝构造函数调用时机.cpp">
      <Filter>源文件\13.类和对象\13.2对象的初始化和清理</Filter>
    </ClCompile>
    <ClCompile Include="13.2.6初始化列表.cpp">
      <Filter>源文件\13.类和对象\13.2对象的初始化和清理</Filter>
    </ClCompile>
    <ClCompile Include="13.2.7类对象作为类成员.cpp">
      <Filter>源文件\13.类和对象\13.2对象的初始化和清理</Filter>
    </ClCompile>
    <ClCompile Include="13.2.8静态成员变量.cpp">
      <Filter>源文件\13.类和对象\13.2对象的初始化和清理</Filter>
    </ClCompile>
    <ClCompile Include="13.2.9静态成员函数.cpp">
      <Filter>源文件\13.类和对象\13.2对象的初始化和清理</Filter>
    </ClCompile>
    <ClCompile Include="13.4.1全局函数做友元.cpp">
      <Filter>源文件\13.类和对象\13.4友元</Filter>
    </ClCompile>
    <ClCompile Include="13.4.2友元类（类做友元）.cpp">
      <Filter>源文件\13.类和对象\13.4友元</Filter>
    </ClCompile>
    <ClCompile Include="13.5.0运算符重载引言.cpp">
      <Filter>源文件\13.类和对象\13.5运算符重载</Filter>
    </ClCompile>
    <ClCompile Include="13.5.1加号运算符重载.cpp">
      <Filter>源文件\13.类和对象\13.5运算符重载</Filter>
    </ClCompile>
    <ClCompile Include="13.5.2左移运算符重载.cpp">
      <Filter>源文件\13.类和对象\13.5运算符重载</Filter>
    </ClCompile>
    <ClCompile Include="13.5.3（不太理解）递增运算符重载.cpp">
      <Filter>源文件\13.类和对象\13.5运算符重载</Filter>
    </ClCompile>
    <ClCompile Include="13.5.4赋值运算符重载.cpp">
      <Filter>源文件\13.类和对象\13.5运算符重载</Filter>
    </ClCompile>
    <ClCompile Include="13.5.5关系运算符重载.cpp">
      <Filter>源文件\13.类和对象\13.5运算符重载</Filter>
    </ClCompile>
    <ClCompile Include="13.5.6函数调用运算符重载（仿函数）.cpp">
      <Filter>源文件\13.类和对象\13.5运算符重载</Filter>
    </ClCompile>
    <ClCompile Include="13.6.1继承的基本语法.cpp">
      <Filter>源文件\13.类和对象\13.6继承</Filter>
    </ClCompile>
    <ClCompile Include="13.6.2继承方式.cpp">
      <Filter>源文件\13.类和对象\13.6继承</Filter>
    </ClCompile>
    <ClCompile Include="13.6.3继承中的对象模型.cpp">
      <Filter>源文件\13.类和对象\13.6继承</Filter>
    </ClCompile>
    <ClCompile Include="13.6.4继承中构造和析构顺序.cpp">
      <Filter>源文件\13.类和对象\13.6继承</Filter>
    </ClCompile>
    <ClCompile Include="13.6.5继承同名成员处理方式.cpp">
      <Filter>源文件\13.类和对象\13.6继承</Filter>
    </ClCompile>
    <ClCompile Include="13.6.6继承同名静态成员处理方式.cpp">
      <Filter>源文件\13.类和对象\13.6继承</Filter>
    </ClCompile>
    <ClCompile Include="13.6.7多继承语法.cpp">
      <Filter>源文件\13.类和对象\13.6继承</Filter>
    </ClCompile>
    <ClCompile Include="13.6.8菱形继承问题以及解决方法.cpp">
      <Filter>源文件\13.类和对象\13.6继承</Filter>
    </ClCompile>
    <ClCompile Include="13.7.1.1多态的基本概念.cpp">
      <Filter>源文件\13.类和对象\13.7多态\13.7.1多态的概念</Filter>
    </ClCompile>
    <ClCompile Include="13.7.4多态案例二-制作饮品.cpp">
      <Filter>源文件\13.类和对象\13.7多态</Filter>
    </ClCompile>
    <ClCompile Include="13.7.5虚析构和纯虚析构.cpp">
      <Filter>源文件\13.类和对象\13.7多态</Filter>
    </ClCompile>
    <ClCompile Include="13.7.1.2多态的原理剖析.cpp">
      <Filter>源文件\13.类和对象\13.7多态\13.7.1多态的概念</Filter>
    </ClCompile>
    <ClCompile Include="13.7.3纯虚函数和抽象类.cpp">
      <Filter>源文件\13.类和对象\13.7多态</Filter>
    </ClCompile>
    <ClCompile Include="13.7.6电脑组装需求分析和实现.cpp">
      <Filter>源文件\13.类和对象\13.7多态</Filter>
    </ClCompile>
    <ClCompile Include="13.7.2多态案例一-计算器类讲义实现.cpp">
      <Filter>源文件\13.类和对象\13.7多态\13.7.2多态案例一-计算器类（存疑，用多态的方法计算结果不对）</Filter>
    </ClCompile>
    <ClCompile Include="13.7.2.1普通写法.cpp">
      <Filter>源文件\13.类和对象\13.7多态\13.7.2多态案例一-计算器类（存疑，用多态的方法计算结果不对）</Filter>
    </ClCompile>
    <ClCompile Include="13.7.2虚指针指向错误，存疑多态案例一-计算器类.cpp">
      <Filter>源文件\13.类和对象\13.7多态\13.7.2多态案例一-计算器类（存疑，用多态的方法计算结果不对）</Filter>
    </ClCompile>
    <ClCompile Include="13.7.2.2多态写法.cpp">
      <Filter>源文件\13.类和对象\13.7多态\13.7.2多态案例一-计算器类（存疑，用多态的方法计算结果不对）</Filter>
    </ClCompile>
    <ClCompile Include="14.1.2读文件.cpp">
      <Filter>源文件\14.文件操作\14.1文本文件</Filter>
    </ClCompile>
    <ClCompile Include="14.1.1写文件.cpp">
      <Filter>源文件\14.文件操作\14.1文本文件</Filter>
    </ClCompile>
    <ClCompile Include="15.1管理系统需求.cpp">
      <Filter>源文件\15.职工管理系统</Filter>
    </ClCompile>
  </ItemGroup>
  <ItemGroup>
    <ClInclude Include="swap67.h">
      <Filter>头文件</Filter>
    </ClInclude>
    <ClInclude Include="resource.h">
      <Filter>头文件</Filter>
    </ClInclude>
    <ClInclude Include="13171circle.h">
      <Filter>头文件\13.1.7封装_设计案例2_点和圆的关系</Filter>
    </ClInclude>
    <ClInclude Include="13171point.h">
      <Filter>头文件\13.1.7封装_设计案例2_点和圆的关系</Filter>
    </ClInclude>
  </ItemGroup>
  <ItemGroup>
    <None Include="13.1.7Point.cpp">
      <Filter>源文件\13.类和对象\13.1封装\13.1.7案例2：点和圆的关系 分文件</Filter>
    </None>
    <None Include="13.1.7主函数和全局函数.cpp">
      <Filter>源文件\13.类和对象\13.1封装\13.1.7案例2：点和圆的关系 分文件</Filter>
    </None>
    <None Include="13.2.1构造函数和析构函数.cpp">
      <Filter>源文件\13.类和对象\13.2对象的初始化和清理</Filter>
    </None>
    <None Include="13.2.4深拷贝与浅拷贝.cpp">
      <Filter>源文件\13.类和对象\13.2对象的初始化和清理</Filter>
    </None>
    <None Include="test.md">
      <Filter>源文件\14.文件操作\14.1文本文件</Filter>
    </None>
    <None Include="..\..\B站黑马C++视频讲义\第3阶段-C++核心编程 资料\资料\讲义\C++核心编程.md">
      <Filter>源文件\课件</Filter>
    </None>
    <None Include="..\..\B站黑马C++视频讲义\第4阶段实战-基于多态的企业职工系统资料\基于多态的企业职工系统资料\讲义\职工管理系统.md">
      <Filter>源文件\15.职工管理系统</Filter>
    </None>
  </ItemGroup>
  <ItemGroup>
    <Text Include="test.txt">
      <Filter>源文件\14.文件操作\14.1文本文件</Filter>
    </Text>
  </ItemGroup>
</Project>